
Microsoft Visual Studio Solution File, Format Version 12.00
# Visual Studio Version 16
VisualStudioVersion = 16.0.810.25
MinimumVisualStudioVersion = 10.0.40219.1
Project("{FAE04EC0-301F-11D3-BF4B-00C04F79EFBC}") = "Task3", "Task3\Task3.csproj", "{7D273E7F-0345-4402-BAFA-BDBC60CD323F}"
EndProject
Global
	GlobalSection(SolutionConfigurationPlatforms) = preSolution
		Debug|Any CPU = Debug|Any CPU
		Release|Any CPU = Release|Any CPU
	EndGlobalSection
	GlobalSection(ProjectConfigurationPlatforms) = postSolution
		{7D273E7F-0345-4402-BAFA-BDBC60CD323F}.Debug|Any CPU.ActiveCfg = Debug|Any CPU
		{7D273E7F-0345-4402-BAFA-BDBC60CD323F}.Debug|Any CPU.Build.0 = Debug|Any CPU
		{7D273E7F-0345-4402-BAFA-BDBC60CD323F}.Release|Any CPU.ActiveCfg = Release|Any CPU
		{7D273E7F-0345-4402-BAFA-BDBC60CD323F}.Release|Any CPU.Build.0 = Release|Any CPU
	EndGlobalSection
	GlobalSection(SolutionProperties) = preSolution
		HideSolutionNode = FALSE
	EndGlobalSection
	GlobalSection(ExtensibilityGlobals) = postSolution
		SolutionGuid = {81F20F62-BB69-49B6-A990-6A5BDC1326E2}
	EndGlobalSection
EndGlobal
